// !$*UTF8*$!
{
	archiveVersion = 1;
	classes = {
	};
	objectVersion = 55;
	objects = {

/* Begin PBXBuildFile section */
		81CD298F27AD512E003A5234 /* ArithmeticPracticeApp.swift in Sources */ = {isa = PBXBuildFile; fileRef = 81CD298E27AD512E003A5234 /* ArithmeticPracticeApp.swift */; };
		81CD299127AD512E003A5234 /* QuizView.swift in Sources */ = {isa = PBXBuildFile; fileRef = 81CD299027AD512E003A5234 /* QuizView.swift */; };
		81CD299327AD512F003A5234 /* Assets.xcassets in Resources */ = {isa = PBXBuildFile; fileRef = 81CD299227AD512F003A5234 /* Assets.xcassets */; };
		81CD299627AD512F003A5234 /* Preview Assets.xcassets in Resources */ = {isa = PBXBuildFile; fileRef = 81CD299527AD512F003A5234 /* Preview Assets.xcassets */; };
		81CD29A027AD72E4003A5234 /* Question.swift in Sources */ = {isa = PBXBuildFile; fileRef = 81CD299F27AD72E4003A5234 /* Question.swift */; };
		81CD29A227AD749E003A5234 /* QuestionView.swift in Sources */ = {isa = PBXBuildFile; fileRef = 81CD29A127AD749E003A5234 /* QuestionView.swift */; };
		81CD29A427AD786A003A5234 /* QuestionStore.swift in Sources */ = {isa = PBXBuildFile; fileRef = 81CD29A327AD786A003A5234 /* QuestionStore.swift */; };
		81CD29C627ADD40B003A5234 /* ResultView.swift in Sources */ = {isa = PBXBuildFile; fileRef = 81CD29C527ADD40B003A5234 /* ResultView.swift */; };
		81CD29CA27ADD580003A5234 /* AnswerView.swift in Sources */ = {isa = PBXBuildFile; fileRef = 81CD29C927ADD580003A5234 /* AnswerView.swift */; };
/* End PBXBuildFile section */

/* Begin PBXFileReference section */
		81CD298B27AD512E003A5234 /* ArithmeticPractice.app */ = {isa = PBXFileReference; explicitFileType = wrapper.application; includeInIndex = 0; path = ArithmeticPractice.app; sourceTree = BUILT_PRODUCTS_DIR; };
		81CD298E27AD512E003A5234 /* ArithmeticPracticeApp.swift */ = {isa = PBXFileReference; lastKnownFileType = sourcecode.swift; path = ArithmeticPracticeApp.swift; sourceTree = "<group>"; };
		81CD299027AD512E003A5234 /* QuizView.swift */ = {isa = PBXFileReference; lastKnownFileType = sourcecode.swift; path = QuizView.swift; sourceTree = "<group>"; };
		81CD299227AD512F003A5234 /* Assets.xcassets */ = {isa = PBXFileReference; lastKnownFileType = folder.assetcatalog; path = Assets.xcassets; sourceTree = "<group>"; };
		81CD299527AD512F003A5234 /* Preview Assets.xcassets */ = {isa = PBXFileReference; lastKnownFileType = folder.assetcatalog; path = "Preview Assets.xcassets"; sourceTree = "<group>"; };
		81CD299F27AD72E4003A5234 /* Question.swift */ = {isa = PBXFileReference; lastKnownFileType = sourcecode.swift; path = Question.swift; sourceTree = "<group>"; };
		81CD29A127AD749E003A5234 /* QuestionView.swift */ = {isa = PBXFileReference; lastKnownFileType = sourcecode.swift; path = QuestionView.swift; sourceTree = "<group>"; };
		81CD29A327AD786A003A5234 /* QuestionStore.swift */ = {isa = PBXFileReference; lastKnownFileType = sourcecode.swift; path = QuestionStore.swift; sourceTree = "<group>"; };
		81CD29C527ADD40B003A5234 /* ResultView.swift */ = {isa = PBXFileReference; lastKnownFileType = sourcecode.swift; path = ResultView.swift; sourceTree = "<group>"; };
		81CD29C927ADD580003A5234 /* AnswerView.swift */ = {isa = PBXFileReference; lastKnownFileType = sourcecode.swift; path = AnswerView.swift; sourceTree = "<group>"; };
/* End PBXFileReference section */

/* Begin PBXFrameworksBuildPhase section */
		81CD298827AD512E003A5234 /* Frameworks */ = {
			isa = PBXFrameworksBuildPhase;
			buildActionMask = 2147483647;
			files = (
			);
			runOnlyForDeploymentPostprocessing = 0;
		};
/* End PBXFrameworksBuildPhase section */

/* Begin PBXGroup section */
		81CD298227AD512E003A5234 = {
			isa = PBXGroup;
			children = (
				81CD298D27AD512E003A5234 /* ArithmeticPractice */,
				81CD298C27AD512E003A5234 /* Products */,
			);
			sourceTree = "<group>";
		};
		81CD298C27AD512E003A5234 /* Products */ = {
			isa = PBXGroup;
			children = (
				81CD298B27AD512E003A5234 /* ArithmeticPractice.app */,
			);
			name = Products;
			sourceTree = "<group>";
		};
		81CD298D27AD512E003A5234 /* ArithmeticPractice */ = {
			isa = PBXGroup;
			children = (
				81CD298E27AD512E003A5234 /* ArithmeticPracticeApp.swift */,
				81CD299C27AD5140003A5234 /* Model */,
				81CD299E27AD5154003A5234 /* ViewModels */,
				81CD299D27AD514B003A5234 /* Views */,
				81CD299227AD512F003A5234 /* Assets.xcassets */,
				81CD299427AD512F003A5234 /* Preview Content */,
			);
			path = ArithmeticPractice;
			sourceTree = "<group>";
		};
		81CD299427AD512F003A5234 /* Preview Content */ = {
			isa = PBXGroup;
			children = (
				81CD299527AD512F003A5234 /* Preview Assets.xcassets */,
			);
			path = "Preview Content";
			sourceTree = "<group>";
		};
		81CD299C27AD5140003A5234 /* Model */ = {
			isa = PBXGroup;
			children = (
				81CD299F27AD72E4003A5234 /* Question.swift */,
			);
			path = Model;
			sourceTree = "<group>";
		};
		81CD299D27AD514B003A5234 /* Views */ = {
			isa = PBXGroup;
			children = (
				81CD29CB27ADD7D6003A5234 /* Quiz */,
			);
			path = Views;
			sourceTree = "<group>";
		};
		81CD299E27AD5154003A5234 /* ViewModels */ = {
			isa = PBXGroup;
			children = (
				81CD29A327AD786A003A5234 /* QuestionStore.swift */,
			);
			path = ViewModels;
			sourceTree = "<group>";
		};
		81CD29CB27ADD7D6003A5234 /* Quiz */ = {
			isa = PBXGroup;
			children = (
				81CD299027AD512E003A5234 /* QuizView.swift */,
				81CD29CC27ADD7DD003A5234 /* Helpers */,
			);
			path = Quiz;
			sourceTree = "<group>";
		};
		81CD29CC27ADD7DD003A5234 /* Helpers */ = {
			isa = PBXGroup;
			children = (
				81CD29C927ADD580003A5234 /* AnswerView.swift */,
				81CD29A127AD749E003A5234 /* QuestionView.swift */,
				81CD29C527ADD40B003A5234 /* ResultView.swift */,
			);
			path = Helpers;
			sourceTree = "<group>";
		};
/* End PBXGroup section */

/* Begin PBXNativeTarget section */
		81CD298A27AD512E003A5234 /* ArithmeticPractice */ = {
			isa = PBXNativeTarget;
			buildConfigurationList = 81CD299927AD512F003A5234 /* Build configuration list for PBXNativeTarget "ArithmeticPractice" */;
			buildPhases = (
				81CD298727AD512E003A5234 /* Sources */,
				81CD298827AD512E003A5234 /* Frameworks */,
				81CD298927AD512E003A5234 /* Resources */,
			);
			buildRules = (
			);
			dependencies = (
			);
			name = ArithmeticPractice;
			productName = ArithmeticPractice;
			productReference = 81CD298B27AD512E003A5234 /* ArithmeticPractice.app */;
			productType = "com.apple.product-type.application";
		};
/* End PBXNativeTarget section */

/* Begin PBXProject section */
		81CD298327AD512E003A5234 /* Project object */ = {
			isa = PBXProject;
			attributes = {
				BuildIndependentTargetsInParallel = 1;
				LastSwiftUpdateCheck = 1320;
				LastUpgradeCheck = 1320;
				TargetAttributes = {
					81CD298A27AD512E003A5234 = {
						CreatedOnToolsVersion = 13.2.1;
					};
				};
			};
			buildConfigurationList = 81CD298627AD512E003A5234 /* Build configuration list for PBXProject "ArithmeticPractice" */;
			compatibilityVersion = "Xcode 13.0";
			developmentRegion = en;
			hasScannedForEncodings = 0;
			knownRegions = (
				en,
				Base,
			);
			mainGroup = 81CD298227AD512E003A5234;
			productRefGroup = 81CD298C27AD512E003A5234 /* Products */;
			projectDirPath = "";
			projectRoot = "";
			targets = (
				81CD298A27AD512E003A5234 /* ArithmeticPractice */,
			);
		};
/* End PBXProject section */

/* Begin PBXResourcesBuildPhase section */
		81CD298927AD512E003A5234 /* Resources */ = {
			isa = PBXResourcesBuildPhase;
			buildActionMask = 2147483647;
			files = (
				81CD299627AD512F003A5234 /* Preview Assets.xcassets in Resources */,
				81CD299327AD512F003A5234 /* Assets.xcassets in Resources */,
			);
			runOnlyForDeploymentPostprocessing = 0;
		};
/* End PBXResourcesBuildPhase section */

/* Begin PBXSourcesBuildPhase section */
		81CD298727AD512E003A5234 /* Sources */ = {
			isa = PBXSourcesBuildPhase;
			buildActionMask = 2147483647;
			files = (
				81CD29A427AD786A003A5234 /* QuestionStore.swift in Sources */,
				81CD29A227AD749E003A5234 /* QuestionView.swift in Sources */,
				81CD29CA27ADD580003A5234 /* AnswerView.swift in Sources */,
				81CD29A027AD72E4003A5234 /* Question.swift in Sources */,
				81CD299127AD512E003A5234 /* QuizView.swift in Sources */,
				81CD298F27AD512E003A5234 /* ArithmeticPracticeApp.swift in Sources */,
				81CD29C627ADD40B003A5234 /* ResultView.swift in Sources */,
			);
			runOnlyForDeploymentPostprocessing = 0;
		};
/* End PBXSourcesBuildPhase section */

/* Begin XCBuildConfiguration section */
		81CD299727AD512F003A5234 /* Debug */ = {
			isa = XCBuildConfiguration;
			buildSettings = {
				ALWAYS_SEARCH_USER_PATHS = NO;
				CLANG_ANALYZER_NONNULL = YES;
				CLANG_ANALYZER_NUMBER_OBJECT_CONVERSION = YES_AGGRESSIVE;
				CLANG_CXX_LANGUAGE_STANDARD = "gnu++17";
				CLANG_CXX_LIBRARY = "libc++";
				CLANG_ENABLE_MODULES = YES;
				CLANG_ENABLE_OBJC_ARC = YES;
				CLANG_ENABLE_OBJC_WEAK = YES;
				CLANG_WARN_BLOCK_CAPTURE_AUTORELEASING = YES;
				CLANG_WARN_BOOL_CONVERSION = YES;
				CLANG_WARN_COMMA = YES;
				CLANG_WARN_CONSTANT_CONVERSION = YES;
				CLANG_WARN_DEPRECATED_OBJC_IMPLEMENTATIONS = YES;
				CLANG_WARN_DIRECT_OBJC_ISA_USAGE = YES_ERROR;
				CLANG_WARN_DOCUMENTATION_COMMENTS = YES;
				CLANG_WARN_EMPTY_BODY = YES;
				CLANG_WARN_ENUM_CONVERSION = YES;
				CLANG_WARN_INFINITE_RECURSION = YES;
				CLANG_WARN_INT_CONVERSION = YES;
				CLANG_WARN_NON_LITERAL_NULL_CONVERSION = YES;
				CLANG_WARN_OBJC_IMPLICIT_RETAIN_SELF = YES;
				CLANG_WARN_OBJC_LITERAL_CONVERSION = YES;
				CLANG_WARN_OBJC_ROOT_CLASS = YES_ERROR;
				CLANG_WARN_QUOTED_INCLUDE_IN_FRAMEWORK_HEADER = YES;
				CLANG_WARN_RANGE_LOOP_ANALYSIS = YES;
				CLANG_WARN_STRICT_PROTOTYPES = YES;
				CLANG_WARN_SUSPICIOUS_MOVE = YES;
				CLANG_WARN_UNGUARDED_AVAILABILITY = YES_AGGRESSIVE;
				CLANG_WARN_UNREACHABLE_CODE = YES;
				CLANG_WARN__DUPLICATE_METHOD_MATCH = YES;
				COPY_PHASE_STRIP = NO;
				DEBUG_INFORMATION_FORMAT = dwarf;
				ENABLE_STRICT_OBJC_MSGSEND = YES;
				ENABLE_TESTABILITY = YES;
				GCC_C_LANGUAGE_STANDARD = gnu11;
				GCC_DYNAMIC_NO_PIC = NO;
				GCC_NO_COMMON_BLOCKS = YES;
				GCC_OPTIMIZATION_LEVEL = 0;
				GCC_PREPROCESSOR_DEFINITIONS = (
					"DEBUG=1",
					"$(inherited)",
				);
				GCC_WARN_64_TO_32_BIT_CONVERSION = YES;
				GCC_WARN_ABOUT_RETURN_TYPE = YES_ERROR;
				GCC_WARN_UNDECLARED_SELECTOR = YES;
				GCC_WARN_UNINITIALIZED_AUTOS = YES_AGGRESSIVE;
				GCC_WARN_UNUSED_FUNCTION = YES;
				GCC_WARN_UNUSED_VARIABLE = YES;
				IPHONEOS_DEPLOYMENT_TARGET = 15.2;
				MTL_ENABLE_DEBUG_INFO = INCLUDE_SOURCE;
				MTL_FAST_MATH = YES;
				ONLY_ACTIVE_ARCH = YES;
				SDKROOT = iphoneos;
				SWIFT_ACTIVE_COMPILATION_CONDITIONS = DEBUG;
				SWIFT_OPTIMIZATION_LEVEL = "-Onone";
			};
			name = Debug;
		};
		81CD299827AD512F003A5234 /* Release */ = {
			isa = XCBuildConfiguration;
			buildSettings = {
				ALWAYS_SEARCH_USER_PATHS = NO;
				CLANG_ANALYZER_NONNULL = YES;
				CLANG_ANALYZER_NUMBER_OBJECT_CONVERSION = YES_AGGRESSIVE;
				CLANG_CXX_LANGUAGE_STANDARD = "gnu++17";
				CLANG_CXX_LIBRARY = "libc++";
				CLANG_ENABLE_MODULES = YES;
				CLANG_ENABLE_OBJC_ARC = YES;
				CLANG_ENABLE_OBJC_WEAK = YES;
				CLANG_WARN_BLOCK_CAPTURE_AUTORELEASING = YES;
				CLANG_WARN_BOOL_CONVERSION = YES;
				CLANG_WARN_COMMA = YES;
				CLANG_WARN_CONSTANT_CONVERSION = YES;
				CLANG_WARN_DEPRECATED_OBJC_IMPLEMENTATIONS = YES;
				CLANG_WARN_DIRECT_OBJC_ISA_USAGE = YES_ERROR;
				CLANG_WARN_DOCUMENTATION_COMMENTS = YES;
				CLANG_WARN_EMPTY_BODY = YES;
				CLANG_WARN_ENUM_CONVERSION = YES;
				CLANG_WARN_INFINITE_RECURSION = YES;
				CLANG_WARN_INT_CONVERSION = YES;
				CLANG_WARN_NON_LITERAL_NULL_CONVERSION = YES;
				CLANG_WARN_OBJC_IMPLICIT_RETAIN_SELF = YES;
				CLANG_WARN_OBJC_LITERAL_CONVERSION = YES;
				CLANG_WARN_OBJC_ROOT_CLASS = YES_ERROR;
				CLANG_WARN_QUOTED_INCLUDE_IN_FRAMEWORK_HEADER = YES;
				CLANG_WARN_RANGE_LOOP_ANALYSIS = YES;
				CLANG_WARN_STRICT_PROTOTYPES = YES;
				CLANG_WARN_SUSPICIOUS_MOVE = YES;
				CLANG_WARN_UNGUARDED_AVAILABILITY = YES_AGGRESSIVE;
				CLANG_WARN_UNREACHABLE_CODE = YES;
				CLANG_WARN__DUPLICATE_METHOD_MATCH = YES;
				COPY_PHASE_STRIP = NO;
				DEBUG_INFORMATION_FORMAT = "dwarf-with-dsym";
				ENABLE_NS_ASSERTIONS = NO;
				ENABLE_STRICT_OBJC_MSGSEND = YES;
				GCC_C_LANGUAGE_STANDARD = gnu11;
				GCC_NO_COMMON_BLOCKS = YES;
				GCC_WARN_64_TO_32_BIT_CONVERSION = YES;
				GCC_WARN_ABOUT_RETURN_TYPE = YES_ERROR;
				GCC_WARN_UNDECLARED_SELECTOR = YES;
				GCC_WARN_UNINITIALIZED_AUTOS = YES_AGGRESSIVE;
				GCC_WARN_UNUSED_FUNCTION = YES;
				GCC_WARN_UNUSED_VARIABLE = YES;
				IPHONEOS_DEPLOYMENT_TARGET = 15.2;
				MTL_ENABLE_DEBUG_INFO = NO;
				MTL_FAST_MATH = YES;
				SDKROOT = iphoneos;
				SWIFT_COMPILATION_MODE = wholemodule;
				SWIFT_OPTIMIZATION_LEVEL = "-O";
				VALIDATE_PRODUCT = YES;
			};
			name = Release;
		};
		81CD299A27AD512F003A5234 /* Debug */ = {
			isa = XCBuildConfiguration;
			buildSettings = {
				ASSETCATALOG_COMPILER_APPICON_NAME = AppIcon;
				ASSETCATALOG_COMPILER_GLOBAL_ACCENT_COLOR_NAME = AccentColor;
				CODE_SIGN_STYLE = Automatic;
				CURRENT_PROJECT_VERSION = 1;
				DEVELOPMENT_ASSET_PATHS = "\"ArithmeticPractice/Preview Content\"";
				ENABLE_PREVIEWS = YES;
				GENERATE_INFOPLIST_FILE = YES;
				INFOPLIST_KEY_UIApplicationSceneManifest_Generation = YES;
				INFOPLIST_KEY_UIApplicationSupportsIndirectInputEvents = YES;
				INFOPLIST_KEY_UILaunchScreen_Generation = YES;
				INFOPLIST_KEY_UISupportedInterfaceOrientations_iPad = "UIInterfaceOrientationPortrait UIInterfaceOrientationPortraitUpsideDown UIInterfaceOrientationLandscapeLeft UIInterfaceOrientationLandscapeRight";
				INFOPLIST_KEY_UISupportedInterfaceOrientations_iPhone = "UIInterfaceOrientationPortrait UIInterfaceOrientationLandscapeLeft UIInterfaceOrientationLandscapeRight";
				LD_RUNPATH_SEARCH_PATHS = (
					"$(inherited)",
					"@executable_path/Frameworks",
				);
				MARKETING_VERSION = 1.0;
				PRODUCT_BUNDLE_IDENTIFIER = ca.russellgordon.ArithmeticPractice;
				PRODUCT_NAME = "$(TARGET_NAME)";
				SWIFT_EMIT_LOC_STRINGS = YES;
				SWIFT_VERSION = 5.0;
				TARGETED_DEVICE_FAMILY = "1,2";
			};
			name = Debug;
		};
		81CD299B27AD512F003A5234 /* Release */ = {
			isa = XCBuildConfiguration;
			buildSettings = {
				ASSETCATALOG_COMPILER_APPICON_NAME = AppIcon;
				ASSETCATALOG_COMPILER_GLOBAL_ACCENT_COLOR_NAME = AccentColor;
				CODE_SIGN_STYLE = Automatic;
				CURRENT_PROJECT_VERSION = 1;
				DEVELOPMENT_ASSET_PATHS = "\"ArithmeticPractice/Preview Content\"";
				ENABLE_PREVIEWS = YES;
				GENERATE_INFOPLIST_FILE = YES;
				INFOPLIST_KEY_UIApplicationSceneManifest_Generation = YES;
				INFOPLIST_KEY_UIApplicationSupportsIndirectInputEvents = YES;
				INFOPLIST_KEY_UILaunchScreen_Generation = YES;
				INFOPLIST_KEY_UISupportedInterfaceOrientations_iPad = "UIInterfaceOrientationPortrait UIInterfaceOrientationPortraitUpsideDown UIInterfaceOrientationLandscapeLeft UIInterfaceOrientationLandscapeRight";
				INFOPLIST_KEY_UISupportedInterfaceOrientations_iPhone = "UIInterfaceOrientationPortrait UIInterfaceOrientationLandscapeLeft UIInterfaceOrientationLandscapeRight";
				LD_RUNPATH_SEARCH_PATHS = (
					"$(inherited)",
					"@executable_path/Frameworks",
				);
				MARKETING_VERSION = 1.0;
				PRODUCT_BUNDLE_IDENTIFIER = ca.russellgordon.ArithmeticPractice;
				PRODUCT_NAME = "$(TARGET_NAME)";
				SWIFT_EMIT_LOC_STRINGS = YES;
				SWIFT_VERSION = 5.0;
				TARGETED_DEVICE_FAMILY = "1,2";
			};
			name = Release;
		};
/* End XCBuildConfiguration section */

/* Begin XCConfigurationList section */
		81CD298627AD512E003A5234 /* Build configuration list for PBXProject "ArithmeticPractice" */ = {
			isa = XCConfigurationList;
			buildConfigurations = (
				81CD299727AD512F003A5234 /* Debug */,
				81CD299827AD512F003A5234 /* Release */,
			);
			defaultConfigurationIsVisible = 0;
			defaultConfigurationName = Release;
		};
		81CD299927AD512F003A5234 /* Build configuration list for PBXNativeTarget "ArithmeticPractice" */ = {
			isa = XCConfigurationList;
			buildConfigurations = (
				81CD299A27AD512F003A5234 /* Debug */,
				81CD299B27AD512F003A5234 /* Release */,
			);
			defaultConfigurationIsVisible = 0;
			defaultConfigurationName = Release;
		};
/* End XCConfigurationList section */
	};
	rootObject = 81CD298327AD512E003A5234 /* Project object */;
}
